
Microsoft Visual Studio Solution File, Format Version 12.00
# Visual Studio Version 17
VisualStudioVersion = 17.8.34511.84
MinimumVisualStudioVersion = 10.0.40219.1
Project("{9A19103F-16F7-4668-BE54-9A1E7A4F7556}") = "trocaValores", "trocaValores\trocaValores.csproj", "{0491EE6A-84ED-457F-BC63-02E63B634B50}"
EndProject
Project("{FAE04EC0-301F-11D3-BF4B-00C04F79EFBC}") = "AulasWindowsForms", "AulasWindowsForms\AulasWindowsForms.csproj", "{BE8469F6-3104-4261-9CC8-771E32D39303}"
EndProject
Global
	GlobalSection(SolutionConfigurationPlatforms) = preSolution
		Debug|Any CPU = Debug|Any CPU
		Release|Any CPU = Release|Any CPU
	EndGlobalSection
	GlobalSection(ProjectConfigurationPlatforms) = postSolution
		{0491EE6A-84ED-457F-BC63-02E63B634B50}.Debug|Any CPU.ActiveCfg = Debug|Any CPU
		{0491EE6A-84ED-457F-BC63-02E63B634B50}.Debug|Any CPU.Build.0 = Debug|Any CPU
		{0491EE6A-84ED-457F-BC63-02E63B634B50}.Release|Any CPU.ActiveCfg = Release|Any CPU
		{0491EE6A-84ED-457F-BC63-02E63B634B50}.Release|Any CPU.Build.0 = Release|Any CPU
		{BE8469F6-3104-4261-9CC8-771E32D39303}.Debug|Any CPU.ActiveCfg = Debug|Any CPU
		{BE8469F6-3104-4261-9CC8-771E32D39303}.Debug|Any CPU.Build.0 = Debug|Any CPU
		{BE8469F6-3104-4261-9CC8-771E32D39303}.Release|Any CPU.ActiveCfg = Release|Any CPU
		{BE8469F6-3104-4261-9CC8-771E32D39303}.Release|Any CPU.Build.0 = Release|Any CPU
	EndGlobalSection
	GlobalSection(SolutionProperties) = preSolution
		HideSolutionNode = FALSE
	EndGlobalSection
	GlobalSection(ExtensibilityGlobals) = postSolution
		SolutionGuid = {97BEA57D-5B4C-4AA8-B7FC-03CF31A19A23}
	EndGlobalSection
EndGlobal
